
Microsoft Visual Studio Solution File, Format Version 12.00
# Visual Studio Version 17
VisualStudioVersion = 17.13.35913.81 d17.13
MinimumVisualStudioVersion = 10.0.40219.1
Project("{FAE04EC0-301F-11D3-BF4B-00C04F79EFBC}") = "MvcCentroPsicopedagogico", "MvcCentroPsicopedagogico.csproj", "{27A0AB24-7F52-4A00-99BD-856AE4BF546A}"
EndProject
Global
	GlobalSection(SolutionConfigurationPlatforms) = preSolution
		Debug|Any CPU = Debug|Any CPU
		Release|Any CPU = Release|Any CPU
	EndGlobalSection
	GlobalSection(ProjectConfigurationPlatforms) = postSolution
		{27A0AB24-7F52-4A00-99BD-856AE4BF546A}.Debug|Any CPU.ActiveCfg = Debug|Any CPU
		{27A0AB24-7F52-4A00-99BD-856AE4BF546A}.Debug|Any CPU.Build.0 = Debug|Any CPU
		{27A0AB24-7F52-4A00-99BD-856AE4BF546A}.Release|Any CPU.ActiveCfg = Release|Any CPU
		{27A0AB24-7F52-4A00-99BD-856AE4BF546A}.Release|Any CPU.Build.0 = Release|Any CPU
	EndGlobalSection
	GlobalSection(SolutionProperties) = preSolution
		HideSolutionNode = FALSE
	EndGlobalSection
	GlobalSection(ExtensibilityGlobals) = postSolution
		SolutionGuid = {27213688-E289-4F61-8E94-DCD09ADF481B}
	EndGlobalSection
EndGlobal
